
Microsoft Visual Studio Solution File, Format Version 12.00
# Visual Studio 2013
VisualStudioVersion = 12.0.21005.1
MinimumVisualStudioVersion = 10.0.40219.1
Project("{FAE04EC0-301F-11D3-BF4B-00C04F79EFBC}") = "WebMyPham", "WebMyPham\WebMyPham.csproj", "{EFB43287-8C85-40E7-9B0D-C64A4D8623AA}"
EndProject
Global
	GlobalSection(SolutionConfigurationPlatforms) = preSolution
		Debug|Any CPU = Debug|Any CPU
		Release|Any CPU = Release|Any CPU
	EndGlobalSection
	GlobalSection(ProjectConfigurationPlatforms) = postSolution
		{EFB43287-8C85-40E7-9B0D-C64A4D8623AA}.Debug|Any CPU.ActiveCfg = Debug|Any CPU
		{EFB43287-8C85-40E7-9B0D-C64A4D8623AA}.Debug|Any CPU.Build.0 = Debug|Any CPU
		{EFB43287-8C85-40E7-9B0D-C64A4D8623AA}.Release|Any CPU.ActiveCfg = Release|Any CPU
		{EFB43287-8C85-40E7-9B0D-C64A4D8623AA}.Release|Any CPU.Build.0 = Release|Any CPU
	EndGlobalSection
	GlobalSection(SolutionProperties) = preSolution
		HideSolutionNode = FALSE
	EndGlobalSection
EndGlobal
